
Microsoft Visual Studio Solution File, Format Version 12.00
# Visual Studio Version 16
VisualStudioVersion = 16.0.30621.155
MinimumVisualStudioVersion = 10.0.40219.1
Project("{FAE04EC0-301F-11D3-BF4B-00C04F79EFBC}") = "TuongTacCSDL", "TuongTacCSDL.csproj", "{8A242940-BD18-487B-A4E5-44ECB8FE5CF6}"
EndProject
Global
	GlobalSection(SolutionConfigurationPlatforms) = preSolution
		Debug|Any CPU = Debug|Any CPU
		Release|Any CPU = Release|Any CPU
	EndGlobalSection
	GlobalSection(ProjectConfigurationPlatforms) = postSolution
		{8A242940-BD18-487B-A4E5-44ECB8FE5CF6}.Debug|Any CPU.ActiveCfg = Debug|Any CPU
		{8A242940-BD18-487B-A4E5-44ECB8FE5CF6}.Debug|Any CPU.Build.0 = Debug|Any CPU
		{8A242940-BD18-487B-A4E5-44ECB8FE5CF6}.Release|Any CPU.ActiveCfg = Release|Any CPU
		{8A242940-BD18-487B-A4E5-44ECB8FE5CF6}.Release|Any CPU.Build.0 = Release|Any CPU
	EndGlobalSection
	GlobalSection(SolutionProperties) = preSolution
		HideSolutionNode = FALSE
	EndGlobalSection
	GlobalSection(ExtensibilityGlobals) = postSolution
		SolutionGuid = {D8BEDA46-C605-46AA-B2FE-841E0B001632}
	EndGlobalSection
EndGlobal
